// !$*UTF8*$!
{
	archiveVersion = 1;
	classes = {
	};
	objectVersion = 52;
	objects = {

/* Begin PBXBuildFile section */
		2B0112AE7A31FC9D81363B32 /* amplifyconfiguration.json in Resources */ = {isa = PBXBuildFile; fileRef = 31380C57AB067DC2297C92A8 /* amplifyconfiguration.json */; };
		5924BAA2253EC549007FA1C6 /* AppDelegate.swift in Sources */ = {isa = PBXBuildFile; fileRef = 5924BAA1253EC549007FA1C6 /* AppDelegate.swift */; };
		5924BAA4253EC549007FA1C6 /* SceneDelegate.swift in Sources */ = {isa = PBXBuildFile; fileRef = 5924BAA3253EC549007FA1C6 /* SceneDelegate.swift */; };
		5924BAA6253EC549007FA1C6 /* ContentView.swift in Sources */ = {isa = PBXBuildFile; fileRef = 5924BAA5253EC549007FA1C6 /* ContentView.swift */; };
		5924BAA8253EC54B007FA1C6 /* Assets.xcassets in Resources */ = {isa = PBXBuildFile; fileRef = 5924BAA7253EC54B007FA1C6 /* Assets.xcassets */; };
		5924BAAB253EC54B007FA1C6 /* Preview Assets.xcassets in Resources */ = {isa = PBXBuildFile; fileRef = 5924BAAA253EC54B007FA1C6 /* Preview Assets.xcassets */; };
		5924BAAE253EC54B007FA1C6 /* LaunchScreen.storyboard in Resources */ = {isa = PBXBuildFile; fileRef = 5924BAAC253EC54B007FA1C6 /* LaunchScreen.storyboard */; };
		5924BABA253EC5F2007FA1C6 /* AudioFiles in Resources */ = {isa = PBXBuildFile; fileRef = 5924BAB9253EC5F2007FA1C6 /* AudioFiles */; };
		5924BABF253EC6C2007FA1C6 /* PasswordReset.swift in Sources */ = {isa = PBXBuildFile; fileRef = 5924BABE253EC6C2007FA1C6 /* PasswordReset.swift */; };
		5924BAC3253EC6E2007FA1C6 /* Settings.swift in Sources */ = {isa = PBXBuildFile; fileRef = 5924BAC2253EC6E2007FA1C6 /* Settings.swift */; };
		5924BAC7253EC722007FA1C6 /* AccountDetail.swift in Sources */ = {isa = PBXBuildFile; fileRef = 5924BAC6253EC722007FA1C6 /* AccountDetail.swift */; };
		5924BACB253EC73B007FA1C6 /* AccountItem.swift in Sources */ = {isa = PBXBuildFile; fileRef = 5924BACA253EC73B007FA1C6 /* AccountItem.swift */; };
		5924BACE253EC751007FA1C6 /* AccountsList.swift in Sources */ = {isa = PBXBuildFile; fileRef = 5924BACD253EC751007FA1C6 /* AccountsList.swift */; };
		5924BAD1253EC766007FA1C6 /* AddAccount.swift in Sources */ = {isa = PBXBuildFile; fileRef = 5924BAD0253EC766007FA1C6 /* AddAccount.swift */; };
		5924BAD5253EC797007FA1C6 /* AccountsData.swift in Sources */ = {isa = PBXBuildFile; fileRef = 5924BAD4253EC797007FA1C6 /* AccountsData.swift */; };
		5924BAD9253EC7B6007FA1C6 /* AccountStruct.swift in Sources */ = {isa = PBXBuildFile; fileRef = 5924BAD8253EC7B6007FA1C6 /* AccountStruct.swift */; };
		5924BADC253EC7D6007FA1C6 /* UserData.swift in Sources */ = {isa = PBXBuildFile; fileRef = 5924BADB253EC7D6007FA1C6 /* UserData.swift */; };
		5924BAE0253EC873007FA1C6 /* LoginView.swift in Sources */ = {isa = PBXBuildFile; fileRef = 5924BADF253EC873007FA1C6 /* LoginView.swift */; };
		5924BAE4253EC87E007FA1C6 /* MainView.swift in Sources */ = {isa = PBXBuildFile; fileRef = 5924BAE3253EC87E007FA1C6 /* MainView.swift */; };
		5924BAE7253EC8B7007FA1C6 /* UtilityFunctions.swift in Sources */ = {isa = PBXBuildFile; fileRef = 5924BAE6253EC8B7007FA1C6 /* UtilityFunctions.swift */; };
		5924BAF8253EEC58007FA1C6 /* ContactPhotosData.swift in Sources */ = {isa = PBXBuildFile; fileRef = 5924BAF7253EEC58007FA1C6 /* ContactPhotosData.swift */; };
		5924BAFC253EEC86007FA1C6 /* ContactStruct.swift in Sources */ = {isa = PBXBuildFile; fileRef = 5924BAFB253EEC86007FA1C6 /* ContactStruct.swift */; };
		5924BAFF253EF408007FA1C6 /* ImagePicker.swift in Sources */ = {isa = PBXBuildFile; fileRef = 5924BAFE253EF408007FA1C6 /* ImagePicker.swift */; };
		5924BB02253EF44C007FA1C6 /* PhotoCaptureView.swift in Sources */ = {isa = PBXBuildFile; fileRef = 5924BB01253EF44C007FA1C6 /* PhotoCaptureView.swift */; };
		5924BB06253EF863007FA1C6 /* ContactDetail.swift in Sources */ = {isa = PBXBuildFile; fileRef = 5924BB05253EF863007FA1C6 /* ContactDetail.swift */; };
		5924BB0A253EF873007FA1C6 /* ContactItem.swift in Sources */ = {isa = PBXBuildFile; fileRef = 5924BB09253EF873007FA1C6 /* ContactItem.swift */; };
		5924BB0D253EF880007FA1C6 /* ContactsList.swift in Sources */ = {isa = PBXBuildFile; fileRef = 5924BB0C253EF880007FA1C6 /* ContactsList.swift */; };
		5924BB10253EF89C007FA1C6 /* AddContact.swift in Sources */ = {isa = PBXBuildFile; fileRef = 5924BB0F253EF89C007FA1C6 /* AddContact.swift */; };
		5924BB13253F0018007FA1C6 /* SearchBar.swift in Sources */ = {isa = PBXBuildFile; fileRef = 5924BB12253F0018007FA1C6 /* SearchBar.swift */; };
		5924BB16253F00C7007FA1C6 /* NavigationStyle.swift in Sources */ = {isa = PBXBuildFile; fileRef = 5924BB15253F00C7007FA1C6 /* NavigationStyle.swift */; };
		5924BB19253F02FE007FA1C6 /* ContactsData.json in Resources */ = {isa = PBXBuildFile; fileRef = 5924BB18253F02FE007FA1C6 /* ContactsData.json */; };
		5924BB1C253F7066007FA1C6 /* AccountsData.json in Resources */ = {isa = PBXBuildFile; fileRef = 5924BB1B253F7066007FA1C6 /* AccountsData.json */; };
		5924BB22253F9C2A007FA1C6 /* MultimediaNoteStruct.swift in Sources */ = {isa = PBXBuildFile; fileRef = 5924BB21253F9C2A007FA1C6 /* MultimediaNoteStruct.swift */; };
		5924BB27253F9D24007FA1C6 /* AudioPlayer.swift in Sources */ = {isa = PBXBuildFile; fileRef = 5924BB26253F9D24007FA1C6 /* AudioPlayer.swift */; };
		5924BB2B253F9D47007FA1C6 /* MapView.swift in Sources */ = {isa = PBXBuildFile; fileRef = 5924BB2A253F9D47007FA1C6 /* MapView.swift */; };
		5924BB2E253F9D7D007FA1C6 /* SpeechRecognizer.swift in Sources */ = {isa = PBXBuildFile; fileRef = 5924BB2D253F9D7D007FA1C6 /* SpeechRecognizer.swift */; };
		5924BB31253F9DB9007FA1C6 /* MultimediaNotesData.swift in Sources */ = {isa = PBXBuildFile; fileRef = 5924BB30253F9DB9007FA1C6 /* MultimediaNotesData.swift */; };
		5924BB34253F9E99007FA1C6 /* Schedule.json in Resources */ = {isa = PBXBuildFile; fileRef = 5924BB33253F9E99007FA1C6 /* Schedule.json */; };
		5924BB37253FA89B007FA1C6 /* MultimediaNoteDetail.swift in Sources */ = {isa = PBXBuildFile; fileRef = 5924BB36253FA89B007FA1C6 /* MultimediaNoteDetail.swift */; };
		5924BB3A253FA8AB007FA1C6 /* MultimediaNoteItem.swift in Sources */ = {isa = PBXBuildFile; fileRef = 5924BB39253FA8AB007FA1C6 /* MultimediaNoteItem.swift */; };
		5924BB3D253FA8BA007FA1C6 /* MultimediaNotesList.swift in Sources */ = {isa = PBXBuildFile; fileRef = 5924BB3C253FA8BA007FA1C6 /* MultimediaNotesList.swift */; };
		5924BB40253FA8C9007FA1C6 /* AddMultimediaNote.swift in Sources */ = {isa = PBXBuildFile; fileRef = 5924BB3F253FA8C9007FA1C6 /* AddMultimediaNote.swift */; };
		5924BB43253FC47C007FA1C6 /* CurrentLocation.swift in Sources */ = {isa = PBXBuildFile; fileRef = 5924BB42253FC47C007FA1C6 /* CurrentLocation.swift */; };
		5924BB47254030BC007FA1C6 /* toDoListStruct.swift in Sources */ = {isa = PBXBuildFile; fileRef = 5924BB46254030BC007FA1C6 /* toDoListStruct.swift */; };
		5924BB4B2540A2D2007FA1C6 /* toDoListData.swift in Sources */ = {isa = PBXBuildFile; fileRef = 5924BB4A2540A2D2007FA1C6 /* toDoListData.swift */; };
		5924BB4E2540A387007FA1C6 /* ToDoListData.json in Resources */ = {isa = PBXBuildFile; fileRef = 5924BB4D2540A387007FA1C6 /* ToDoListData.json */; };
		5924BB522540A8C8007FA1C6 /* ToDodetail.swift in Sources */ = {isa = PBXBuildFile; fileRef = 5924BB512540A8C8007FA1C6 /* ToDodetail.swift */; };
		5924BB552540A8DC007FA1C6 /* ToDoList.swift in Sources */ = {isa = PBXBuildFile; fileRef = 5924BB542540A8DC007FA1C6 /* ToDoList.swift */; };
		5924BB582540A8E9007FA1C6 /* ToDoItem.swift in Sources */ = {isa = PBXBuildFile; fileRef = 5924BB572540A8E9007FA1C6 /* ToDoItem.swift */; };
		598F16392758133B0031001D /* deviceOutputStruct.swift in Sources */ = {isa = PBXBuildFile; fileRef = 598F16382758133B0031001D /* deviceOutputStruct.swift */; };
		598F163B275813CC0031001D /* deviceOutputData.swift in Sources */ = {isa = PBXBuildFile; fileRef = 598F163A275813CC0031001D /* deviceOutputData.swift */; };
		598F163D275815FC0031001D /* aiOutput.json in Resources */ = {isa = PBXBuildFile; fileRef = 598F163C275815FC0031001D /* aiOutput.json */; };
		598F16412758404C0031001D /* deviceOutputItem.swift in Sources */ = {isa = PBXBuildFile; fileRef = 598F16402758404C0031001D /* deviceOutputItem.swift */; };
		598F1643275841530031001D /* deviceOutputList.swift in Sources */ = {isa = PBXBuildFile; fileRef = 598F1642275841530031001D /* deviceOutputList.swift */; };
		598F1645275842E40031001D /* deviceOutputDetails.swift in Sources */ = {isa = PBXBuildFile; fileRef = 598F1644275842E40031001D /* deviceOutputDetails.swift */; };
		59BB4183272148CE004B850C /* awsconfiguration.json in Resources */ = {isa = PBXBuildFile; fileRef = 59BB4181272148CE004B850C /* awsconfiguration.json */; };
		59BB4184272148CE004B850C /* amplifyconfiguration.json in Resources */ = {isa = PBXBuildFile; fileRef = 59BB4182272148CE004B850C /* amplifyconfiguration.json */; };
		59BB41872722A252004B850C /* AWSAPIPlugin in Frameworks */ = {isa = PBXBuildFile; productRef = 59BB41862722A252004B850C /* AWSAPIPlugin */; };
		59BB41892722A252004B850C /* AWSCognitoAuthPlugin in Frameworks */ = {isa = PBXBuildFile; productRef = 59BB41882722A252004B850C /* AWSCognitoAuthPlugin */; };
		59BB418B2722A252004B850C /* AWSDataStorePlugin in Frameworks */ = {isa = PBXBuildFile; productRef = 59BB418A2722A252004B850C /* AWSDataStorePlugin */; };
		59BB418D2722A252004B850C /* AWSPinpointAnalyticsPlugin in Frameworks */ = {isa = PBXBuildFile; productRef = 59BB418C2722A252004B850C /* AWSPinpointAnalyticsPlugin */; };
		59BB418F2722A252004B850C /* AWSPluginsCore in Frameworks */ = {isa = PBXBuildFile; productRef = 59BB418E2722A252004B850C /* AWSPluginsCore */; };
		59BB41912722A252004B850C /* AWSS3StoragePlugin in Frameworks */ = {isa = PBXBuildFile; productRef = 59BB41902722A252004B850C /* AWSS3StoragePlugin */; };
		59BB41932722A252004B850C /* Amplify in Frameworks */ = {isa = PBXBuildFile; productRef = 59BB41922722A252004B850C /* Amplify */; };
		59C863402540F06E00E2427B /* AddToDo.swift in Sources */ = {isa = PBXBuildFile; fileRef = 59C8633F2540F06E00E2427B /* AddToDo.swift */; };
		59CF45452745C4FC00D5DE64 /* SQLiteDB.swift in Sources */ = {isa = PBXBuildFile; fileRef = 59CF45412745C4FC00D5DE64 /* SQLiteDB.swift */; };
		59CF45462745C4FC00D5DE64 /* SQLTable.swift in Sources */ = {isa = PBXBuildFile; fileRef = 59CF45422745C4FC00D5DE64 /* SQLTable.swift */; };
		59CF45472745C4FC00D5DE64 /* SQLiteBase.swift in Sources */ = {isa = PBXBuildFile; fileRef = 59CF45432745C4FC00D5DE64 /* SQLiteBase.swift */; };
		59CF45482745C4FC00D5DE64 /* CloudDB.swift in Sources */ = {isa = PBXBuildFile; fileRef = 59CF45442745C4FC00D5DE64 /* CloudDB.swift */; };
		59CF454A2745C6BB00D5DE64 /* data.db in Resources */ = {isa = PBXBuildFile; fileRef = 59CF45492745C69500D5DE64 /* data.db */; };
		59CF454E2745C72F00D5DE64 /* brid_head.m in Sources */ = {isa = PBXBuildFile; fileRef = 59CF454D2745C72F00D5DE64 /* brid_head.m */; };
		59D5A7FD273B4B2300D494F8 /* ShowPillDeliver.swift in Sources */ = {isa = PBXBuildFile; fileRef = 59D5A7FC273B4B2300D494F8 /* ShowPillDeliver.swift */; };
		B02320A89FE43D4A41416964 /* awsconfiguration.json in Resources */ = {isa = PBXBuildFile; fileRef = CC57D62FA73002E60CF30774 /* awsconfiguration.json */; };
/* End PBXBuildFile section */

/* Begin PBXFileReference section */
		31380C57AB067DC2297C92A8 /* amplifyconfiguration.json */ = {isa = PBXFileReference; explicitFileType = text.json; path = amplifyconfiguration.json; sourceTree = "<group>"; };
		5924BA9E253EC549007FA1C6 /* MyPIM.app */ = {isa = PBXFileReference; explicitFileType = wrapper.application; includeInIndex = 0; path = MyPIM.app; sourceTree = BUILT_PRODUCTS_DIR; };
		5924BAA1253EC549007FA1C6 /* AppDelegate.swift */ = {isa = PBXFileReference; lastKnownFileType = sourcecode.swift; path = AppDelegate.swift; sourceTree = "<group>"; };
		5924BAA3253EC549007FA1C6 /* SceneDelegate.swift */ = {isa = PBXFileReference; lastKnownFileType = sourcecode.swift; path = SceneDelegate.swift; sourceTree = "<group>"; };
		5924BAA5253EC549007FA1C6 /* ContentView.swift */ = {isa = PBXFileReference; lastKnownFileType = sourcecode.swift; path = ContentView.swift; sourceTree = "<group>"; };
		5924BAA7253EC54B007FA1C6 /* Assets.xcassets */ = {isa = PBXFileReference; lastKnownFileType = folder.assetcatalog; path = Assets.xcassets; sourceTree = "<group>"; };
		5924BAAA253EC54B007FA1C6 /* Preview Assets.xcassets */ = {isa = PBXFileReference; lastKnownFileType = folder.assetcatalog; path = "Preview Assets.xcassets"; sourceTree = "<group>"; };
		5924BAAD253EC54B007FA1C6 /* Base */ = {isa = PBXFileReference; lastKnownFileType = file.storyboard; name = Base; path = Base.lproj/LaunchScreen.storyboard; sourceTree = "<group>"; };
		5924BAAF253EC54B007FA1C6 /* Info.plist */ = {isa = PBXFileReference; lastKnownFileType = text.plist.xml; path = Info.plist; sourceTree = "<group>"; };
		5924BAB9253EC5F2007FA1C6 /* AudioFiles */ = {isa = PBXFileReference; lastKnownFileType = folder; path = AudioFiles; sourceTree = "<group>"; };
		5924BABE253EC6C2007FA1C6 /* PasswordReset.swift */ = {isa = PBXFileReference; lastKnownFileType = sourcecode.swift; path = PasswordReset.swift; sourceTree = "<group>"; };
		5924BAC2253EC6E2007FA1C6 /* Settings.swift */ = {isa = PBXFileReference; lastKnownFileType = sourcecode.swift; path = Settings.swift; sourceTree = "<group>"; };
		5924BAC6253EC722007FA1C6 /* AccountDetail.swift */ = {isa = PBXFileReference; lastKnownFileType = sourcecode.swift; path = AccountDetail.swift; sourceTree = "<group>"; };
		5924BACA253EC73B007FA1C6 /* AccountItem.swift */ = {isa = PBXFileReference; lastKnownFileType = sourcecode.swift; path = AccountItem.swift; sourceTree = "<group>"; };
		5924BACD253EC751007FA1C6 /* AccountsList.swift */ = {isa = PBXFileReference; lastKnownFileType = sourcecode.swift; path = AccountsList.swift; sourceTree = "<group>"; };
		5924BAD0253EC766007FA1C6 /* AddAccount.swift */ = {isa = PBXFileReference; lastKnownFileType = sourcecode.swift; path = AddAccount.swift; sourceTree = "<group>"; };
		5924BAD4253EC797007FA1C6 /* AccountsData.swift */ = {isa = PBXFileReference; lastKnownFileType = sourcecode.swift; path = AccountsData.swift; sourceTree = "<group>"; };
		5924BAD8253EC7B6007FA1C6 /* AccountStruct.swift */ = {isa = PBXFileReference; lastKnownFileType = sourcecode.swift; path = AccountStruct.swift; sourceTree = "<group>"; };
		5924BADB253EC7D6007FA1C6 /* UserData.swift */ = {isa = PBXFileReference; lastKnownFileType = sourcecode.swift; path = UserData.swift; sourceTree = "<group>"; };
		5924BADF253EC873007FA1C6 /* LoginView.swift */ = {isa = PBXFileReference; lastKnownFileType = sourcecode.swift; path = LoginView.swift; sourceTree = "<group>"; };
		5924BAE3253EC87E007FA1C6 /* MainView.swift */ = {isa = PBXFileReference; lastKnownFileType = sourcecode.swift; path = MainView.swift; sourceTree = "<group>"; };
		5924BAE6253EC8B7007FA1C6 /* UtilityFunctions.swift */ = {isa = PBXFileReference; lastKnownFileType = sourcecode.swift; path = UtilityFunctions.swift; sourceTree = "<group>"; };
		5924BAF7253EEC58007FA1C6 /* ContactPhotosData.swift */ = {isa = PBXFileReference; lastKnownFileType = sourcecode.swift; path = ContactPhotosData.swift; sourceTree = "<group>"; };
		5924BAFB253EEC86007FA1C6 /* ContactStruct.swift */ = {isa = PBXFileReference; lastKnownFileType = sourcecode.swift; path = ContactStruct.swift; sourceTree = "<group>"; };
		5924BAFE253EF408007FA1C6 /* ImagePicker.swift */ = {isa = PBXFileReference; lastKnownFileType = sourcecode.swift; path = ImagePicker.swift; sourceTree = "<group>"; };
		5924BB01253EF44C007FA1C6 /* PhotoCaptureView.swift */ = {isa = PBXFileReference; lastKnownFileType = sourcecode.swift; path = PhotoCaptureView.swift; sourceTree = "<group>"; };
		5924BB05253EF863007FA1C6 /* ContactDetail.swift */ = {isa = PBXFileReference; lastKnownFileType = sourcecode.swift; path = ContactDetail.swift; sourceTree = "<group>"; };
		5924BB09253EF873007FA1C6 /* ContactItem.swift */ = {isa = PBXFileReference; lastKnownFileType = sourcecode.swift; path = ContactItem.swift; sourceTree = "<group>"; };
		5924BB0C253EF880007FA1C6 /* ContactsList.swift */ = {isa = PBXFileReference; lastKnownFileType = sourcecode.swift; path = ContactsList.swift; sourceTree = "<group>"; };
		5924BB0F253EF89C007FA1C6 /* AddContact.swift */ = {isa = PBXFileReference; lastKnownFileType = sourcecode.swift; path = AddContact.swift; sourceTree = "<group>"; };
		5924BB12253F0018007FA1C6 /* SearchBar.swift */ = {isa = PBXFileReference; lastKnownFileType = sourcecode.swift; path = SearchBar.swift; sourceTree = "<group>"; };
		5924BB15253F00C7007FA1C6 /* NavigationStyle.swift */ = {isa = PBXFileReference; lastKnownFileType = sourcecode.swift; path = NavigationStyle.swift; sourceTree = "<group>"; };
		5924BB18253F02FE007FA1C6 /* ContactsData.json */ = {isa = PBXFileReference; fileEncoding = 4; lastKnownFileType = text.json; path = ContactsData.json; sourceTree = "<group>"; };
		5924BB1B253F7066007FA1C6 /* AccountsData.json */ = {isa = PBXFileReference; fileEncoding = 4; lastKnownFileType = text.json; path = AccountsData.json; sourceTree = "<group>"; };
		5924BB21253F9C2A007FA1C6 /* MultimediaNoteStruct.swift */ = {isa = PBXFileReference; lastKnownFileType = sourcecode.swift; path = MultimediaNoteStruct.swift; sourceTree = "<group>"; };
		5924BB26253F9D24007FA1C6 /* AudioPlayer.swift */ = {isa = PBXFileReference; lastKnownFileType = sourcecode.swift; path = AudioPlayer.swift; sourceTree = "<group>"; };
		5924BB2A253F9D47007FA1C6 /* MapView.swift */ = {isa = PBXFileReference; lastKnownFileType = sourcecode.swift; path = MapView.swift; sourceTree = "<group>"; };
		5924BB2D253F9D7D007FA1C6 /* SpeechRecognizer.swift */ = {isa = PBXFileReference; lastKnownFileType = sourcecode.swift; path = SpeechRecognizer.swift; sourceTree = "<group>"; };
		5924BB30253F9DB9007FA1C6 /* MultimediaNotesData.swift */ = {isa = PBXFileReference; lastKnownFileType = sourcecode.swift; path = MultimediaNotesData.swift; sourceTree = "<group>"; };
		5924BB33253F9E99007FA1C6 /* Schedule.json */ = {isa = PBXFileReference; fileEncoding = 4; lastKnownFileType = text.json; path = Schedule.json; sourceTree = "<group>"; };
		5924BB36253FA89B007FA1C6 /* MultimediaNoteDetail.swift */ = {isa = PBXFileReference; lastKnownFileType = sourcecode.swift; path = MultimediaNoteDetail.swift; sourceTree = "<group>"; };
		5924BB39253FA8AB007FA1C6 /* MultimediaNoteItem.swift */ = {isa = PBXFileReference; lastKnownFileType = sourcecode.swift; path = MultimediaNoteItem.swift; sourceTree = "<group>"; };
		5924BB3C253FA8BA007FA1C6 /* MultimediaNotesList.swift */ = {isa = PBXFileReference; lastKnownFileType = sourcecode.swift; path = MultimediaNotesList.swift; sourceTree = "<group>"; };
		5924BB3F253FA8C9007FA1C6 /* AddMultimediaNote.swift */ = {isa = PBXFileReference; lastKnownFileType = sourcecode.swift; path = AddMultimediaNote.swift; sourceTree = "<group>"; };
		5924BB42253FC47C007FA1C6 /* CurrentLocation.swift */ = {isa = PBXFileReference; lastKnownFileType = sourcecode.swift; path = CurrentLocation.swift; sourceTree = "<group>"; };
		5924BB46254030BC007FA1C6 /* toDoListStruct.swift */ = {isa = PBXFileReference; lastKnownFileType = sourcecode.swift; path = toDoListStruct.swift; sourceTree = "<group>"; };
		5924BB4A2540A2D2007FA1C6 /* toDoListData.swift */ = {isa = PBXFileReference; lastKnownFileType = sourcecode.swift; path = toDoListData.swift; sourceTree = "<group>"; };
		5924BB4D2540A387007FA1C6 /* ToDoListData.json */ = {isa = PBXFileReference; fileEncoding = 4; lastKnownFileType = text.json; path = ToDoListData.json; sourceTree = "<group>"; };
		5924BB512540A8C8007FA1C6 /* ToDodetail.swift */ = {isa = PBXFileReference; lastKnownFileType = sourcecode.swift; path = ToDodetail.swift; sourceTree = "<group>"; };
		5924BB542540A8DC007FA1C6 /* ToDoList.swift */ = {isa = PBXFileReference; lastKnownFileType = sourcecode.swift; path = ToDoList.swift; sourceTree = "<group>"; };
		5924BB572540A8E9007FA1C6 /* ToDoItem.swift */ = {isa = PBXFileReference; lastKnownFileType = sourcecode.swift; path = ToDoItem.swift; sourceTree = "<group>"; };
		598F16382758133B0031001D /* deviceOutputStruct.swift */ = {isa = PBXFileReference; lastKnownFileType = sourcecode.swift; path = deviceOutputStruct.swift; sourceTree = "<group>"; };
		598F163A275813CC0031001D /* deviceOutputData.swift */ = {isa = PBXFileReference; lastKnownFileType = sourcecode.swift; path = deviceOutputData.swift; sourceTree = "<group>"; };
		598F163C275815FC0031001D /* aiOutput.json */ = {isa = PBXFileReference; fileEncoding = 4; lastKnownFileType = text.json; path = aiOutput.json; sourceTree = "<group>"; };
		598F16402758404C0031001D /* deviceOutputItem.swift */ = {isa = PBXFileReference; lastKnownFileType = sourcecode.swift; path = deviceOutputItem.swift; sourceTree = "<group>"; };
		598F1642275841530031001D /* deviceOutputList.swift */ = {isa = PBXFileReference; lastKnownFileType = sourcecode.swift; path = deviceOutputList.swift; sourceTree = "<group>"; };
		598F1644275842E40031001D /* deviceOutputDetails.swift */ = {isa = PBXFileReference; lastKnownFileType = sourcecode.swift; path = deviceOutputDetails.swift; sourceTree = "<group>"; };
		59BB4181272148CE004B850C /* awsconfiguration.json */ = {isa = PBXFileReference; fileEncoding = 4; lastKnownFileType = text.json; path = awsconfiguration.json; sourceTree = SOURCE_ROOT; };
		59BB4182272148CE004B850C /* amplifyconfiguration.json */ = {isa = PBXFileReference; fileEncoding = 4; lastKnownFileType = text.json; path = amplifyconfiguration.json; sourceTree = SOURCE_ROOT; };
		59C8633F2540F06E00E2427B /* AddToDo.swift */ = {isa = PBXFileReference; lastKnownFileType = sourcecode.swift; path = AddToDo.swift; sourceTree = "<group>"; };
		59CF45412745C4FC00D5DE64 /* SQLiteDB.swift */ = {isa = PBXFileReference; fileEncoding = 4; lastKnownFileType = sourcecode.swift; path = SQLiteDB.swift; sourceTree = "<group>"; };
		59CF45422745C4FC00D5DE64 /* SQLTable.swift */ = {isa = PBXFileReference; fileEncoding = 4; lastKnownFileType = sourcecode.swift; path = SQLTable.swift; sourceTree = "<group>"; };
		59CF45432745C4FC00D5DE64 /* SQLiteBase.swift */ = {isa = PBXFileReference; fileEncoding = 4; lastKnownFileType = sourcecode.swift; path = SQLiteBase.swift; sourceTree = "<group>"; };
		59CF45442745C4FC00D5DE64 /* CloudDB.swift */ = {isa = PBXFileReference; fileEncoding = 4; lastKnownFileType = sourcecode.swift; path = CloudDB.swift; sourceTree = "<group>"; };
		59CF45492745C69500D5DE64 /* data.db */ = {isa = PBXFileReference; lastKnownFileType = file; path = data.db; sourceTree = "<group>"; };
		59CF454B2745C72F00D5DE64 /* MyPIM-Bridging-Header.h */ = {isa = PBXFileReference; lastKnownFileType = sourcecode.c.h; path = "MyPIM-Bridging-Header.h"; sourceTree = "<group>"; };
		59CF454C2745C72F00D5DE64 /* brid_head.h */ = {isa = PBXFileReference; lastKnownFileType = sourcecode.c.h; path = brid_head.h; sourceTree = "<group>"; };
		59CF454D2745C72F00D5DE64 /* brid_head.m */ = {isa = PBXFileReference; lastKnownFileType = sourcecode.c.objc; path = brid_head.m; sourceTree = "<group>"; };
		59D5A7FC273B4B2300D494F8 /* ShowPillDeliver.swift */ = {isa = PBXFileReference; lastKnownFileType = sourcecode.swift; path = ShowPillDeliver.swift; sourceTree = "<group>"; };
		CC57D62FA73002E60CF30774 /* awsconfiguration.json */ = {isa = PBXFileReference; explicitFileType = text.json; path = awsconfiguration.json; sourceTree = "<group>"; };
/* End PBXFileReference section */

/* Begin PBXFrameworksBuildPhase section */
		5924BA9B253EC549007FA1C6 /* Frameworks */ = {
			isa = PBXFrameworksBuildPhase;
			buildActionMask = 2147483647;
			files = (
				59BB418B2722A252004B850C /* AWSDataStorePlugin in Frameworks */,
				59BB41932722A252004B850C /* Amplify in Frameworks */,
				59BB418D2722A252004B850C /* AWSPinpointAnalyticsPlugin in Frameworks */,
				59BB41872722A252004B850C /* AWSAPIPlugin in Frameworks */,
				59BB41892722A252004B850C /* AWSCognitoAuthPlugin in Frameworks */,
				59BB418F2722A252004B850C /* AWSPluginsCore in Frameworks */,
				59BB41912722A252004B850C /* AWSS3StoragePlugin in Frameworks */,
			);
			runOnlyForDeploymentPostprocessing = 0;
		};
/* End PBXFrameworksBuildPhase section */

/* Begin PBXGroup section */
		5924BA95253EC549007FA1C6 = {
			isa = PBXGroup;
			children = (
				59CF454C2745C72F00D5DE64 /* brid_head.h */,
				59CF454D2745C72F00D5DE64 /* brid_head.m */,
				59CF45492745C69500D5DE64 /* data.db */,
				5924BAA0253EC549007FA1C6 /* MyPIM */,
				5924BA9F253EC549007FA1C6 /* Products */,
				B42997D37F353A375E1A4D71 /* AmplifyConfig */,
				59CF454B2745C72F00D5DE64 /* MyPIM-Bridging-Header.h */,
			);
			sourceTree = "<group>";
		};
		5924BA9F253EC549007FA1C6 /* Products */ = {
			isa = PBXGroup;
			children = (
				5924BA9E253EC549007FA1C6 /* MyPIM.app */,
			);
			name = Products;
			sourceTree = "<group>";
		};
		5924BAA0253EC549007FA1C6 /* MyPIM */ = {
			isa = PBXGroup;
			children = (
				598F163F2758401C0031001D /* deviceOutput */,
				59CF45442745C4FC00D5DE64 /* CloudDB.swift */,
				59CF45432745C4FC00D5DE64 /* SQLiteBase.swift */,
				59CF45412745C4FC00D5DE64 /* SQLiteDB.swift */,
				59CF45422745C4FC00D5DE64 /* SQLTable.swift */,
				59BB4182272148CE004B850C /* amplifyconfiguration.json */,
				59BB4181272148CE004B850C /* awsconfiguration.json */,
				5924BB4525402FFE007FA1C6 /* TO DO LIST */,
				5924BB20253F9C03007FA1C6 /* MultimediaNotes */,
				5924BB04253EF84D007FA1C6 /* Contacts */,
				5924BADE253EC809007FA1C6 /* Startup Views */,
				5924BAD3253EC788007FA1C6 /* Data Model */,
				5924BAC5253EC704007FA1C6 /* Accounts */,
				5924BABD253EC69B007FA1C6 /* Settings */,
				5924BABC253EC653007FA1C6 /* Delegates */,
				5924BAB9253EC5F2007FA1C6 /* AudioFiles */,
				5924BAA7253EC54B007FA1C6 /* Assets.xcassets */,
				5924BAAC253EC54B007FA1C6 /* LaunchScreen.storyboard */,
				5924BAAF253EC54B007FA1C6 /* Info.plist */,
				5924BAA9253EC54B007FA1C6 /* Preview Content */,
				5924BAE6253EC8B7007FA1C6 /* UtilityFunctions.swift */,
				5924BAFE253EF408007FA1C6 /* ImagePicker.swift */,
				5924BB01253EF44C007FA1C6 /* PhotoCaptureView.swift */,
				5924BB12253F0018007FA1C6 /* SearchBar.swift */,
				5924BB15253F00C7007FA1C6 /* NavigationStyle.swift */,
				5924BB26253F9D24007FA1C6 /* AudioPlayer.swift */,
				5924BB2A253F9D47007FA1C6 /* MapView.swift */,
				5924BB2D253F9D7D007FA1C6 /* SpeechRecognizer.swift */,
				5924BB42253FC47C007FA1C6 /* CurrentLocation.swift */,
			);
			path = MyPIM;
			sourceTree = "<group>";
		};
		5924BAA9253EC54B007FA1C6 /* Preview Content */ = {
			isa = PBXGroup;
			children = (
				5924BAAA253EC54B007FA1C6 /* Preview Assets.xcassets */,
			);
			path = "Preview Content";
			sourceTree = "<group>";
		};
		5924BABC253EC653007FA1C6 /* Delegates */ = {
			isa = PBXGroup;
			children = (
				5924BAA1253EC549007FA1C6 /* AppDelegate.swift */,
				5924BAA3253EC549007FA1C6 /* SceneDelegate.swift */,
			);
			path = Delegates;
			sourceTree = "<group>";
		};
		5924BABD253EC69B007FA1C6 /* Settings */ = {
			isa = PBXGroup;
			children = (
				5924BABE253EC6C2007FA1C6 /* PasswordReset.swift */,
				5924BAC2253EC6E2007FA1C6 /* Settings.swift */,
			);
			path = Settings;
			sourceTree = "<group>";
		};
		5924BAC5253EC704007FA1C6 /* Accounts */ = {
			isa = PBXGroup;
			children = (
				5924BAC6253EC722007FA1C6 /* AccountDetail.swift */,
				5924BACA253EC73B007FA1C6 /* AccountItem.swift */,
				5924BACD253EC751007FA1C6 /* AccountsList.swift */,
				5924BAD0253EC766007FA1C6 /* AddAccount.swift */,
			);
			path = Accounts;
			sourceTree = "<group>";
		};
		5924BAD3253EC788007FA1C6 /* Data Model */ = {
			isa = PBXGroup;
			children = (
				598F163C275815FC0031001D /* aiOutput.json */,
				5924BB4D2540A387007FA1C6 /* ToDoListData.json */,
				5924BB33253F9E99007FA1C6 /* Schedule.json */,
				5924BB1B253F7066007FA1C6 /* AccountsData.json */,
				5924BB18253F02FE007FA1C6 /* ContactsData.json */,
				5924BAD4253EC797007FA1C6 /* AccountsData.swift */,
				5924BAD8253EC7B6007FA1C6 /* AccountStruct.swift */,
				5924BADB253EC7D6007FA1C6 /* UserData.swift */,
				5924BAF7253EEC58007FA1C6 /* ContactPhotosData.swift */,
				5924BAFB253EEC86007FA1C6 /* ContactStruct.swift */,
				5924BB21253F9C2A007FA1C6 /* MultimediaNoteStruct.swift */,
				5924BB30253F9DB9007FA1C6 /* MultimediaNotesData.swift */,
				5924BB46254030BC007FA1C6 /* toDoListStruct.swift */,
				5924BB4A2540A2D2007FA1C6 /* toDoListData.swift */,
				598F16382758133B0031001D /* deviceOutputStruct.swift */,
				598F163A275813CC0031001D /* deviceOutputData.swift */,
			);
			path = "Data Model";
			sourceTree = "<group>";
		};
		5924BADE253EC809007FA1C6 /* Startup Views */ = {
			isa = PBXGroup;
			children = (
				5924BAA5253EC549007FA1C6 /* ContentView.swift */,
				5924BADF253EC873007FA1C6 /* LoginView.swift */,
				5924BAE3253EC87E007FA1C6 /* MainView.swift */,
			);
			path = "Startup Views";
			sourceTree = "<group>";
		};
		5924BB04253EF84D007FA1C6 /* Contacts */ = {
			isa = PBXGroup;
			children = (
				5924BB05253EF863007FA1C6 /* ContactDetail.swift */,
				5924BB09253EF873007FA1C6 /* ContactItem.swift */,
				5924BB0C253EF880007FA1C6 /* ContactsList.swift */,
				5924BB0F253EF89C007FA1C6 /* AddContact.swift */,
			);
			path = Contacts;
			sourceTree = "<group>";
		};
		5924BB20253F9C03007FA1C6 /* MultimediaNotes */ = {
			isa = PBXGroup;
			children = (
				5924BB36253FA89B007FA1C6 /* MultimediaNoteDetail.swift */,
				5924BB39253FA8AB007FA1C6 /* MultimediaNoteItem.swift */,
				5924BB3C253FA8BA007FA1C6 /* MultimediaNotesList.swift */,
				5924BB3F253FA8C9007FA1C6 /* AddMultimediaNote.swift */,
				59D5A7FC273B4B2300D494F8 /* ShowPillDeliver.swift */,
			);
			path = MultimediaNotes;
			sourceTree = "<group>";
		};
		5924BB4525402FFE007FA1C6 /* TO DO LIST */ = {
			isa = PBXGroup;
			children = (
				5924BB512540A8C8007FA1C6 /* ToDodetail.swift */,
				5924BB542540A8DC007FA1C6 /* ToDoList.swift */,
				5924BB572540A8E9007FA1C6 /* ToDoItem.swift */,
				59C8633F2540F06E00E2427B /* AddToDo.swift */,
			);
			path = "TO DO LIST";
			sourceTree = "<group>";
		};
		598F163F2758401C0031001D /* deviceOutput */ = {
			isa = PBXGroup;
			children = (
				598F16402758404C0031001D /* deviceOutputItem.swift */,
				598F1642275841530031001D /* deviceOutputList.swift */,
				598F1644275842E40031001D /* deviceOutputDetails.swift */,
			);
			path = deviceOutput;
			sourceTree = "<group>";
		};
		B42997D37F353A375E1A4D71 /* AmplifyConfig */ = {
			isa = PBXGroup;
			children = (
				CC57D62FA73002E60CF30774 /* awsconfiguration.json */,
				31380C57AB067DC2297C92A8 /* amplifyconfiguration.json */,
			);
			name = AmplifyConfig;
			sourceTree = "<group>";
		};
/* End PBXGroup section */

/* Begin PBXNativeTarget section */
		5924BA9D253EC549007FA1C6 /* MyPIM */ = {
			isa = PBXNativeTarget;
			buildConfigurationList = 5924BAB2253EC54B007FA1C6 /* Build configuration list for PBXNativeTarget "MyPIM" */;
			buildPhases = (
				5924BA9A253EC549007FA1C6 /* Sources */,
				5924BA9B253EC549007FA1C6 /* Frameworks */,
				5924BA9C253EC549007FA1C6 /* Resources */,
			);
			buildRules = (
			);
			dependencies = (
			);
			name = MyPIM;
			packageProductDependencies = (
				59BB41862722A252004B850C /* AWSAPIPlugin */,
				59BB41882722A252004B850C /* AWSCognitoAuthPlugin */,
				59BB418A2722A252004B850C /* AWSDataStorePlugin */,
				59BB418C2722A252004B850C /* AWSPinpointAnalyticsPlugin */,
				59BB418E2722A252004B850C /* AWSPluginsCore */,
				59BB41902722A252004B850C /* AWSS3StoragePlugin */,
				59BB41922722A252004B850C /* Amplify */,
			);
			productName = MyPIM;
			productReference = 5924BA9E253EC549007FA1C6 /* MyPIM.app */;
			productType = "com.apple.product-type.application";
		};
/* End PBXNativeTarget section */

/* Begin PBXProject section */
		5924BA96253EC549007FA1C6 /* Project object */ = {
			isa = PBXProject;
			attributes = {
				LastSwiftUpdateCheck = 1220;
				LastUpgradeCheck = 1220;
				TargetAttributes = {
					5924BA9D253EC549007FA1C6 = {
						CreatedOnToolsVersion = 12.2;
						LastSwiftMigration = 1310;
					};
				};
			};
			buildConfigurationList = 5924BA99253EC549007FA1C6 /* Build configuration list for PBXProject "MyPIM" */;
			compatibilityVersion = "Xcode 9.3";
			developmentRegion = en;
			hasScannedForEncodings = 0;
			knownRegions = (
				en,
				Base,
			);
			mainGroup = 5924BA95253EC549007FA1C6;
			packageReferences = (
				59BB41852722A252004B850C /* XCRemoteSwiftPackageReference "amplify-ios" */,
			);
			productRefGroup = 5924BA9F253EC549007FA1C6 /* Products */;
			projectDirPath = "";
			projectRoot = "";
			targets = (
				5924BA9D253EC549007FA1C6 /* MyPIM */,
			);
		};
/* End PBXProject section */

/* Begin PBXResourcesBuildPhase section */
		5924BA9C253EC549007FA1C6 /* Resources */ = {
			isa = PBXResourcesBuildPhase;
			buildActionMask = 2147483647;
			files = (
				59CF454A2745C6BB00D5DE64 /* data.db in Resources */,
				5924BAAE253EC54B007FA1C6 /* LaunchScreen.storyboard in Resources */,
				5924BB1C253F7066007FA1C6 /* AccountsData.json in Resources */,
				5924BABA253EC5F2007FA1C6 /* AudioFiles in Resources */,
				5924BB19253F02FE007FA1C6 /* ContactsData.json in Resources */,
				5924BAAB253EC54B007FA1C6 /* Preview Assets.xcassets in Resources */,
				59BB4183272148CE004B850C /* awsconfiguration.json in Resources */,
				5924BAA8253EC54B007FA1C6 /* Assets.xcassets in Resources */,
				59BB4184272148CE004B850C /* amplifyconfiguration.json in Resources */,
				5924BB4E2540A387007FA1C6 /* ToDoListData.json in Resources */,
				5924BB34253F9E99007FA1C6 /* Schedule.json in Resources */,
				B02320A89FE43D4A41416964 /* awsconfiguration.json in Resources */,
				2B0112AE7A31FC9D81363B32 /* amplifyconfiguration.json in Resources */,
				598F163D275815FC0031001D /* aiOutput.json in Resources */,
			);
			runOnlyForDeploymentPostprocessing = 0;
		};
/* End PBXResourcesBuildPhase section */

/* Begin PBXSourcesBuildPhase section */
		5924BA9A253EC549007FA1C6 /* Sources */ = {
			isa = PBXSourcesBuildPhase;
			buildActionMask = 2147483647;
			files = (
				5924BB3D253FA8BA007FA1C6 /* MultimediaNotesList.swift in Sources */,
				5924BABF253EC6C2007FA1C6 /* PasswordReset.swift in Sources */,
				5924BB16253F00C7007FA1C6 /* NavigationStyle.swift in Sources */,
				598F1645275842E40031001D /* deviceOutputDetails.swift in Sources */,
				5924BB43253FC47C007FA1C6 /* CurrentLocation.swift in Sources */,
				5924BB27253F9D24007FA1C6 /* AudioPlayer.swift in Sources */,
				5924BB3A253FA8AB007FA1C6 /* MultimediaNoteItem.swift in Sources */,
				59C863402540F06E00E2427B /* AddToDo.swift in Sources */,
				5924BB02253EF44C007FA1C6 /* PhotoCaptureView.swift in Sources */,
				5924BAE4253EC87E007FA1C6 /* MainView.swift in Sources */,
				59CF45462745C4FC00D5DE64 /* SQLTable.swift in Sources */,
				5924BACE253EC751007FA1C6 /* AccountsList.swift in Sources */,
				5924BAFF253EF408007FA1C6 /* ImagePicker.swift in Sources */,
				5924BB13253F0018007FA1C6 /* SearchBar.swift in Sources */,
				5924BAE7253EC8B7007FA1C6 /* UtilityFunctions.swift in Sources */,
				5924BAD9253EC7B6007FA1C6 /* AccountStruct.swift in Sources */,
				5924BB552540A8DC007FA1C6 /* ToDoList.swift in Sources */,
				5924BAF8253EEC58007FA1C6 /* ContactPhotosData.swift in Sources */,
				5924BB47254030BC007FA1C6 /* toDoListStruct.swift in Sources */,
				59CF454E2745C72F00D5DE64 /* brid_head.m in Sources */,
				5924BACB253EC73B007FA1C6 /* AccountItem.swift in Sources */,
				5924BB06253EF863007FA1C6 /* ContactDetail.swift in Sources */,
				5924BB0D253EF880007FA1C6 /* ContactsList.swift in Sources */,
				59CF45482745C4FC00D5DE64 /* CloudDB.swift in Sources */,
				5924BAA2253EC549007FA1C6 /* AppDelegate.swift in Sources */,
				59D5A7FD273B4B2300D494F8 /* ShowPillDeliver.swift in Sources */,
				598F163B275813CC0031001D /* deviceOutputData.swift in Sources */,
				5924BAA4253EC549007FA1C6 /* SceneDelegate.swift in Sources */,
				5924BADC253EC7D6007FA1C6 /* UserData.swift in Sources */,
				5924BB582540A8E9007FA1C6 /* ToDoItem.swift in Sources */,
				5924BB37253FA89B007FA1C6 /* MultimediaNoteDetail.swift in Sources */,
				5924BB522540A8C8007FA1C6 /* ToDodetail.swift in Sources */,
				598F16392758133B0031001D /* deviceOutputStruct.swift in Sources */,
				5924BB10253EF89C007FA1C6 /* AddContact.swift in Sources */,
				5924BB22253F9C2A007FA1C6 /* MultimediaNoteStruct.swift in Sources */,
				5924BAFC253EEC86007FA1C6 /* ContactStruct.swift in Sources */,
				59CF45472745C4FC00D5DE64 /* SQLiteBase.swift in Sources */,
				5924BAA6253EC549007FA1C6 /* ContentView.swift in Sources */,
				5924BB40253FA8C9007FA1C6 /* AddMultimediaNote.swift in Sources */,
				5924BB2B253F9D47007FA1C6 /* MapView.swift in Sources */,
				5924BB4B2540A2D2007FA1C6 /* toDoListData.swift in Sources */,
				5924BB0A253EF873007FA1C6 /* ContactItem.swift in Sources */,
				5924BAD1253EC766007FA1C6 /* AddAccount.swift in Sources */,
				598F1643275841530031001D /* deviceOutputList.swift in Sources */,
				5924BAD5253EC797007FA1C6 /* AccountsData.swift in Sources */,
				5924BAE0253EC873007FA1C6 /* LoginView.swift in Sources */,
				59CF45452745C4FC00D5DE64 /* SQLiteDB.swift in Sources */,
				5924BAC7253EC722007FA1C6 /* AccountDetail.swift in Sources */,
				5924BB2E253F9D7D007FA1C6 /* SpeechRecognizer.swift in Sources */,
				598F16412758404C0031001D /* deviceOutputItem.swift in Sources */,
				5924BB31253F9DB9007FA1C6 /* MultimediaNotesData.swift in Sources */,
				5924BAC3253EC6E2007FA1C6 /* Settings.swift in Sources */,
			);
			runOnlyForDeploymentPostprocessing = 0;
		};
/* End PBXSourcesBuildPhase section */

/* Begin PBXVariantGroup section */
		5924BAAC253EC54B007FA1C6 /* LaunchScreen.storyboard */ = {
			isa = PBXVariantGroup;
			children = (
				5924BAAD253EC54B007FA1C6 /* Base */,
			);
			name = LaunchScreen.storyboard;
			sourceTree = "<group>";
		};
/* End PBXVariantGroup section */

/* Begin XCBuildConfiguration section */
		5924BAB0253EC54B007FA1C6 /* Debug */ = {
			isa = XCBuildConfiguration;
			buildSettings = {
				ALWAYS_SEARCH_USER_PATHS = NO;
				CLANG_ANALYZER_NONNULL = YES;
				CLANG_ANALYZER_NUMBER_OBJECT_CONVERSION = YES_AGGRESSIVE;
				CLANG_CXX_LANGUAGE_STANDARD = "gnu++14";
				CLANG_CXX_LIBRARY = "libc++";
				CLANG_ENABLE_MODULES = YES;
				CLANG_ENABLE_OBJC_ARC = YES;
				CLANG_ENABLE_OBJC_WEAK = YES;
				CLANG_WARN_BLOCK_CAPTURE_AUTORELEASING = YES;
				CLANG_WARN_BOOL_CONVERSION = YES;
				CLANG_WARN_COMMA = YES;
				CLANG_WARN_CONSTANT_CONVERSION = YES;
				CLANG_WARN_DEPRECATED_OBJC_IMPLEMENTATIONS = YES;
				CLANG_WARN_DIRECT_OBJC_ISA_USAGE = YES_ERROR;
				CLANG_WARN_DOCUMENTATION_COMMENTS = YES;
				CLANG_WARN_EMPTY_BODY = YES;
				CLANG_WARN_ENUM_CONVERSION = YES;
				CLANG_WARN_INFINITE_RECURSION = YES;
				CLANG_WARN_INT_CONVERSION = YES;
				CLANG_WARN_NON_LITERAL_NULL_CONVERSION = YES;
				CLANG_WARN_OBJC_IMPLICIT_RETAIN_SELF = YES;
				CLANG_WARN_OBJC_LITERAL_CONVERSION = YES;
				CLANG_WARN_OBJC_ROOT_CLASS = YES_ERROR;
				CLANG_WARN_QUOTED_INCLUDE_IN_FRAMEWORK_HEADER = YES;
				CLANG_WARN_RANGE_LOOP_ANALYSIS = YES;
				CLANG_WARN_STRICT_PROTOTYPES = YES;
				CLANG_WARN_SUSPICIOUS_MOVE = YES;
				CLANG_WARN_UNGUARDED_AVAILABILITY = YES_AGGRESSIVE;
				CLANG_WARN_UNREACHABLE_CODE = YES;
				CLANG_WARN__DUPLICATE_METHOD_MATCH = YES;
				COPY_PHASE_STRIP = NO;
				DEBUG_INFORMATION_FORMAT = dwarf;
				ENABLE_STRICT_OBJC_MSGSEND = YES;
				ENABLE_TESTABILITY = YES;
				GCC_C_LANGUAGE_STANDARD = gnu11;
				GCC_DYNAMIC_NO_PIC = NO;
				GCC_NO_COMMON_BLOCKS = YES;
				GCC_OPTIMIZATION_LEVEL = 0;
				GCC_PREPROCESSOR_DEFINITIONS = (
					"DEBUG=1",
					"$(inherited)",
				);
				GCC_WARN_64_TO_32_BIT_CONVERSION = YES;
				GCC_WARN_ABOUT_RETURN_TYPE = YES_ERROR;
				GCC_WARN_UNDECLARED_SELECTOR = YES;
				GCC_WARN_UNINITIALIZED_AUTOS = YES_AGGRESSIVE;
				GCC_WARN_UNUSED_FUNCTION = YES;
				GCC_WARN_UNUSED_VARIABLE = YES;
				IPHONEOS_DEPLOYMENT_TARGET = 14.2;
				MTL_ENABLE_DEBUG_INFO = INCLUDE_SOURCE;
				MTL_FAST_MATH = YES;
				ONLY_ACTIVE_ARCH = YES;
				SDKROOT = iphoneos;
				SWIFT_ACTIVE_COMPILATION_CONDITIONS = DEBUG;
				SWIFT_OPTIMIZATION_LEVEL = "-Onone";
			};
			name = Debug;
		};
		5924BAB1253EC54B007FA1C6 /* Release */ = {
			isa = XCBuildConfiguration;
			buildSettings = {
				ALWAYS_SEARCH_USER_PATHS = NO;
				CLANG_ANALYZER_NONNULL = YES;
				CLANG_ANALYZER_NUMBER_OBJECT_CONVERSION = YES_AGGRESSIVE;
				CLANG_CXX_LANGUAGE_STANDARD = "gnu++14";
				CLANG_CXX_LIBRARY = "libc++";
				CLANG_ENABLE_MODULES = YES;
				CLANG_ENABLE_OBJC_ARC = YES;
				CLANG_ENABLE_OBJC_WEAK = YES;
				CLANG_WARN_BLOCK_CAPTURE_AUTORELEASING = YES;
				CLANG_WARN_BOOL_CONVERSION = YES;
				CLANG_WARN_COMMA = YES;
				CLANG_WARN_CONSTANT_CONVERSION = YES;
				CLANG_WARN_DEPRECATED_OBJC_IMPLEMENTATIONS = YES;
				CLANG_WARN_DIRECT_OBJC_ISA_USAGE = YES_ERROR;
				CLANG_WARN_DOCUMENTATION_COMMENTS = YES;
				CLANG_WARN_EMPTY_BODY = YES;
				CLANG_WARN_ENUM_CONVERSION = YES;
				CLANG_WARN_INFINITE_RECURSION = YES;
				CLANG_WARN_INT_CONVERSION = YES;
				CLANG_WARN_NON_LITERAL_NULL_CONVERSION = YES;
				CLANG_WARN_OBJC_IMPLICIT_RETAIN_SELF = YES;
				CLANG_WARN_OBJC_LITERAL_CONVERSION = YES;
				CLANG_WARN_OBJC_ROOT_CLASS = YES_ERROR;
				CLANG_WARN_QUOTED_INCLUDE_IN_FRAMEWORK_HEADER = YES;
				CLANG_WARN_RANGE_LOOP_ANALYSIS = YES;
				CLANG_WARN_STRICT_PROTOTYPES = YES;
				CLANG_WARN_SUSPICIOUS_MOVE = YES;
				CLANG_WARN_UNGUARDED_AVAILABILITY = YES_AGGRESSIVE;
				CLANG_WARN_UNREACHABLE_CODE = YES;
				CLANG_WARN__DUPLICATE_METHOD_MATCH = YES;
				COPY_PHASE_STRIP = NO;
				DEBUG_INFORMATION_FORMAT = "dwarf-with-dsym";
				ENABLE_NS_ASSERTIONS = NO;
				ENABLE_STRICT_OBJC_MSGSEND = YES;
				GCC_C_LANGUAGE_STANDARD = gnu11;
				GCC_NO_COMMON_BLOCKS = YES;
				GCC_WARN_64_TO_32_BIT_CONVERSION = YES;
				GCC_WARN_ABOUT_RETURN_TYPE = YES_ERROR;
				GCC_WARN_UNDECLARED_SELECTOR = YES;
				GCC_WARN_UNINITIALIZED_AUTOS = YES_AGGRESSIVE;
				GCC_WARN_UNUSED_FUNCTION = YES;
				GCC_WARN_UNUSED_VARIABLE = YES;
				IPHONEOS_DEPLOYMENT_TARGET = 14.2;
				MTL_ENABLE_DEBUG_INFO = NO;
				MTL_FAST_MATH = YES;
				SDKROOT = iphoneos;
				SWIFT_COMPILATION_MODE = wholemodule;
				SWIFT_OPTIMIZATION_LEVEL = "-O";
				VALIDATE_PRODUCT = YES;
			};
			name = Release;
		};
		5924BAB3253EC54B007FA1C6 /* Debug */ = {
			isa = XCBuildConfiguration;
			buildSettings = {
				ASSETCATALOG_COMPILER_APPICON_NAME = AppIcon;
				ASSETCATALOG_COMPILER_GLOBAL_ACCENT_COLOR_NAME = AccentColor;
				CLANG_ENABLE_MODULES = YES;
				CODE_SIGN_STYLE = Automatic;
				DEVELOPMENT_ASSET_PATHS = "\"MyPIM/Preview Content\"";
				DEVELOPMENT_TEAM = P977A57H97;
				ENABLE_PREVIEWS = YES;
				INFOPLIST_FILE = MyPIM/Info.plist;
				LD_RUNPATH_SEARCH_PATHS = (
					"$(inherited)",
					"@executable_path/Frameworks",
				);
				PRODUCT_BUNDLE_IDENTIFIER = com.BoaynTian.MyPIM;
				PRODUCT_NAME = "$(TARGET_NAME)";
				SWIFT_OBJC_BRIDGING_HEADER = "MyPIM-Bridging-Header.h";
				SWIFT_OPTIMIZATION_LEVEL = "-Onone";
				SWIFT_VERSION = 5.0;
				TARGETED_DEVICE_FAMILY = "1,2";
			};
			name = Debug;
		};
		5924BAB4253EC54B007FA1C6 /* Release */ = {
			isa = XCBuildConfiguration;
			buildSettings = {
				ASSETCATALOG_COMPILER_APPICON_NAME = AppIcon;
				ASSETCATALOG_COMPILER_GLOBAL_ACCENT_COLOR_NAME = AccentColor;
				CLANG_ENABLE_MODULES = YES;
				CODE_SIGN_STYLE = Automatic;
				DEVELOPMENT_ASSET_PATHS = "\"MyPIM/Preview Content\"";
				DEVELOPMENT_TEAM = P977A57H97;
				ENABLE_PREVIEWS = YES;
				INFOPLIST_FILE = MyPIM/Info.plist;
				LD_RUNPATH_SEARCH_PATHS = (
					"$(inherited)",
					"@executable_path/Frameworks",
				);
				PRODUCT_BUNDLE_IDENTIFIER = com.BoaynTian.MyPIM;
				PRODUCT_NAME = "$(TARGET_NAME)";
				SWIFT_OBJC_BRIDGING_HEADER = "MyPIM-Bridging-Header.h";
				SWIFT_VERSION = 5.0;
				TARGETED_DEVICE_FAMILY = "1,2";
			};
			name = Release;
		};
/* End XCBuildConfiguration section */

/* Begin XCConfigurationList section */
		5924BA99253EC549007FA1C6 /* Build configuration list for PBXProject "MyPIM" */ = {
			isa = XCConfigurationList;
			buildConfigurations = (
				5924BAB0253EC54B007FA1C6 /* Debug */,
				5924BAB1253EC54B007FA1C6 /* Release */,
			);
			defaultConfigurationIsVisible = 0;
			defaultConfigurationName = Release;
		};
		5924BAB2253EC54B007FA1C6 /* Build configuration list for PBXNativeTarget "MyPIM" */ = {
			isa = XCConfigurationList;
			buildConfigurations = (
				5924BAB3253EC54B007FA1C6 /* Debug */,
				5924BAB4253EC54B007FA1C6 /* Release */,
			);
			defaultConfigurationIsVisible = 0;
			defaultConfigurationName = Release;
		};
/* End XCConfigurationList section */

/* Begin XCRemoteSwiftPackageReference section */
		59BB41852722A252004B850C /* XCRemoteSwiftPackageReference "amplify-ios" */ = {
			isa = XCRemoteSwiftPackageReference;
			repositoryURL = "https://github.com/aws-amplify/amplify-ios";
			requirement = {
				branch = main;
				kind = branch;
			};
		};
/* End XCRemoteSwiftPackageReference section */

/* Begin XCSwiftPackageProductDependency section */
		59BB41862722A252004B850C /* AWSAPIPlugin */ = {
			isa = XCSwiftPackageProductDependency;
			package = 59BB41852722A252004B850C /* XCRemoteSwiftPackageReference "amplify-ios" */;
			productName = AWSAPIPlugin;
		};
		59BB41882722A252004B850C /* AWSCognitoAuthPlugin */ = {
			isa = XCSwiftPackageProductDependency;
			package = 59BB41852722A252004B850C /* XCRemoteSwiftPackageReference "amplify-ios" */;
			productName = AWSCognitoAuthPlugin;
		};
		59BB418A2722A252004B850C /* AWSDataStorePlugin */ = {
			isa = XCSwiftPackageProductDependency;
			package = 59BB41852722A252004B850C /* XCRemoteSwiftPackageReference "amplify-ios" */;
			productName = AWSDataStorePlugin;
		};
		59BB418C2722A252004B850C /* AWSPinpointAnalyticsPlugin */ = {
			isa = XCSwiftPackageProductDependency;
			package = 59BB41852722A252004B850C /* XCRemoteSwiftPackageReference "amplify-ios" */;
			productName = AWSPinpointAnalyticsPlugin;
		};
		59BB418E2722A252004B850C /* AWSPluginsCore */ = {
			isa = XCSwiftPackageProductDependency;
			package = 59BB41852722A252004B850C /* XCRemoteSwiftPackageReference "amplify-ios" */;
			productName = AWSPluginsCore;
		};
		59BB41902722A252004B850C /* AWSS3StoragePlugin */ = {
			isa = XCSwiftPackageProductDependency;
			package = 59BB41852722A252004B850C /* XCRemoteSwiftPackageReference "amplify-ios" */;
			productName = AWSS3StoragePlugin;
		};
		59BB41922722A252004B850C /* Amplify */ = {
			isa = XCSwiftPackageProductDependency;
			package = 59BB41852722A252004B850C /* XCRemoteSwiftPackageReference "amplify-ios" */;
			productName = Amplify;
		};
/* End XCSwiftPackageProductDependency section */
	};
	rootObject = 5924BA96253EC549007FA1C6 /* Project object */;
}
